
Microsoft Visual Studio Solution File, Format Version 12.00
# Visual Studio 15
VisualStudioVersion = 15.0.28307.489
MinimumVisualStudioVersion = 10.0.40219.1
Project("{9A19103F-16F7-4668-BE54-9A1E7A4F7556}") = "TA_ArnoldClark", "TA_ArnoldClark\TA_ArnoldClark.csproj", "{CD9ECA55-15E5-442E-A518-8309A6F324F9}"
EndProject
Project("{2150E333-8FDC-42A3-9474-1A3956D46DE8}") = "Solution Items", "Solution Items", "{29C49607-F676-4492-9C10-00C46473C919}"
	ProjectSection(SolutionItems) = preProject
		ReadMe.txt = ReadMe.txt
	EndProjectSection
EndProject
Project("{9A19103F-16F7-4668-BE54-9A1E7A4F7556}") = "TA_ArnoldClark.Tests", "TA_ArnoldClark.Tests\TA_ArnoldClark.Tests.csproj", "{4CCEE231-534E-4EE6-A01C-E991698F3AF5}"
EndProject
Global
	GlobalSection(SolutionConfigurationPlatforms) = preSolution
		Debug|Any CPU = Debug|Any CPU
		Release|Any CPU = Release|Any CPU
	EndGlobalSection
	GlobalSection(ProjectConfigurationPlatforms) = postSolution
		{CD9ECA55-15E5-442E-A518-8309A6F324F9}.Debug|Any CPU.ActiveCfg = Debug|Any CPU
		{CD9ECA55-15E5-442E-A518-8309A6F324F9}.Debug|Any CPU.Build.0 = Debug|Any CPU
		{CD9ECA55-15E5-442E-A518-8309A6F324F9}.Release|Any CPU.ActiveCfg = Release|Any CPU
		{CD9ECA55-15E5-442E-A518-8309A6F324F9}.Release|Any CPU.Build.0 = Release|Any CPU
		{4CCEE231-534E-4EE6-A01C-E991698F3AF5}.Debug|Any CPU.ActiveCfg = Debug|Any CPU
		{4CCEE231-534E-4EE6-A01C-E991698F3AF5}.Debug|Any CPU.Build.0 = Debug|Any CPU
		{4CCEE231-534E-4EE6-A01C-E991698F3AF5}.Release|Any CPU.ActiveCfg = Release|Any CPU
		{4CCEE231-534E-4EE6-A01C-E991698F3AF5}.Release|Any CPU.Build.0 = Release|Any CPU
	EndGlobalSection
	GlobalSection(SolutionProperties) = preSolution
		HideSolutionNode = FALSE
	EndGlobalSection
	GlobalSection(ExtensibilityGlobals) = postSolution
		SolutionGuid = {BFF923BB-29DA-4FA2-BF18-C80ED05E9AA0}
	EndGlobalSection
EndGlobal
